// !$*UTF8*$!
{
	archiveVersion = 1;
	classes = {
	};
	objectVersion = 56;
	objects = {

/* Begin PBXBuildFile section */
		A22B757429AF0A1500DA30D9 /* AppDelegate.swift in Sources */ = {isa = PBXBuildFile; fileRef = A22B757329AF0A1500DA30D9 /* AppDelegate.swift */; };
		A22B757629AF0A1500DA30D9 /* SceneDelegate.swift in Sources */ = {isa = PBXBuildFile; fileRef = A22B757529AF0A1500DA30D9 /* SceneDelegate.swift */; };
		A22B757B29AF0A1500DA30D9 /* Main.storyboard in Resources */ = {isa = PBXBuildFile; fileRef = A22B757929AF0A1500DA30D9 /* Main.storyboard */; };
		A22B757D29AF0A1600DA30D9 /* Assets.xcassets in Resources */ = {isa = PBXBuildFile; fileRef = A22B757C29AF0A1600DA30D9 /* Assets.xcassets */; };
		A22B758029AF0A1600DA30D9 /* LaunchScreen.storyboard in Resources */ = {isa = PBXBuildFile; fileRef = A22B757E29AF0A1600DA30D9 /* LaunchScreen.storyboard */; };
		A22B758B29AF0A1700DA30D9 /* MVVM_ProjectTests.swift in Sources */ = {isa = PBXBuildFile; fileRef = A22B758A29AF0A1700DA30D9 /* MVVM_ProjectTests.swift */; };
		A22B759529AF0A1700DA30D9 /* MVVM_ProjectUITests.swift in Sources */ = {isa = PBXBuildFile; fileRef = A22B759429AF0A1700DA30D9 /* MVVM_ProjectUITests.swift */; };
		A22B759729AF0A1700DA30D9 /* MVVM_ProjectUITestsLaunchTests.swift in Sources */ = {isa = PBXBuildFile; fileRef = A22B759629AF0A1700DA30D9 /* MVVM_ProjectUITestsLaunchTests.swift */; };
/* End PBXBuildFile section */

/* Begin PBXContainerItemProxy section */
		A22B758729AF0A1700DA30D9 /* PBXContainerItemProxy */ = {
			isa = PBXContainerItemProxy;
			containerPortal = A22B756829AF0A1500DA30D9 /* Project object */;
			proxyType = 1;
			remoteGlobalIDString = A22B756F29AF0A1500DA30D9;
			remoteInfo = MVVM_Project;
		};
		A22B759129AF0A1700DA30D9 /* PBXContainerItemProxy */ = {
			isa = PBXContainerItemProxy;
			containerPortal = A22B756829AF0A1500DA30D9 /* Project object */;
			proxyType = 1;
			remoteGlobalIDString = A22B756F29AF0A1500DA30D9;
			remoteInfo = MVVM_Project;
		};
/* End PBXContainerItemProxy section */

/* Begin PBXFileReference section */
		A22B757029AF0A1500DA30D9 /* MVVM_Project.app */ = {isa = PBXFileReference; explicitFileType = wrapper.application; includeInIndex = 0; path = MVVM_Project.app; sourceTree = BUILT_PRODUCTS_DIR; };
		A22B757329AF0A1500DA30D9 /* AppDelegate.swift */ = {isa = PBXFileReference; lastKnownFileType = sourcecode.swift; path = AppDelegate.swift; sourceTree = "<group>"; };
		A22B757529AF0A1500DA30D9 /* SceneDelegate.swift */ = {isa = PBXFileReference; lastKnownFileType = sourcecode.swift; path = SceneDelegate.swift; sourceTree = "<group>"; };
		A22B757A29AF0A1500DA30D9 /* Base */ = {isa = PBXFileReference; lastKnownFileType = file.storyboard; name = Base; path = Base.lproj/Main.storyboard; sourceTree = "<group>"; };
		A22B757C29AF0A1600DA30D9 /* Assets.xcassets */ = {isa = PBXFileReference; lastKnownFileType = folder.assetcatalog; path = Assets.xcassets; sourceTree = "<group>"; };
		A22B757F29AF0A1600DA30D9 /* Base */ = {isa = PBXFileReference; lastKnownFileType = file.storyboard; name = Base; path = Base.lproj/LaunchScreen.storyboard; sourceTree = "<group>"; };
		A22B758129AF0A1600DA30D9 /* Info.plist */ = {isa = PBXFileReference; lastKnownFileType = text.plist.xml; path = Info.plist; sourceTree = "<group>"; };
		A22B758629AF0A1700DA30D9 /* MVVM_ProjectTests.xctest */ = {isa = PBXFileReference; explicitFileType = wrapper.cfbundle; includeInIndex = 0; path = MVVM_ProjectTests.xctest; sourceTree = BUILT_PRODUCTS_DIR; };
		A22B758A29AF0A1700DA30D9 /* MVVM_ProjectTests.swift */ = {isa = PBXFileReference; lastKnownFileType = sourcecode.swift; path = MVVM_ProjectTests.swift; sourceTree = "<group>"; };
		A22B759029AF0A1700DA30D9 /* MVVM_ProjectUITests.xctest */ = {isa = PBXFileReference; explicitFileType = wrapper.cfbundle; includeInIndex = 0; path = MVVM_ProjectUITests.xctest; sourceTree = BUILT_PRODUCTS_DIR; };
		A22B759429AF0A1700DA30D9 /* MVVM_ProjectUITests.swift */ = {isa = PBXFileReference; lastKnownFileType = sourcecode.swift; path = MVVM_ProjectUITests.swift; sourceTree = "<group>"; };
		A22B759629AF0A1700DA30D9 /* MVVM_ProjectUITestsLaunchTests.swift */ = {isa = PBXFileReference; lastKnownFileType = sourcecode.swift; path = MVVM_ProjectUITestsLaunchTests.swift; sourceTree = "<group>"; };
/* End PBXFileReference section */

/* Begin PBXFrameworksBuildPhase section */
		A22B756D29AF0A1500DA30D9 /* Frameworks */ = {
			isa = PBXFrameworksBuildPhase;
			buildActionMask = 2147483647;
			files = (
			);
			runOnlyForDeploymentPostprocessing = 0;
		};
		A22B758329AF0A1700DA30D9 /* Frameworks */ = {
			isa = PBXFrameworksBuildPhase;
			buildActionMask = 2147483647;
			files = (
			);
			runOnlyForDeploymentPostprocessing = 0;
		};
		A22B758D29AF0A1700DA30D9 /* Frameworks */ = {
			isa = PBXFrameworksBuildPhase;
			buildActionMask = 2147483647;
			files = (
			);
			runOnlyForDeploymentPostprocessing = 0;
		};
/* End PBXFrameworksBuildPhase section */

/* Begin PBXGroup section */
		A22B756729AF0A1500DA30D9 = {
			isa = PBXGroup;
			children = (
				A22B757229AF0A1500DA30D9 /* MVVM_Project */,
				A22B758929AF0A1700DA30D9 /* MVVM_ProjectTests */,
				A22B759329AF0A1700DA30D9 /* MVVM_ProjectUITests */,
				A22B757129AF0A1500DA30D9 /* Products */,
			);
			sourceTree = "<group>";
		};
		A22B757129AF0A1500DA30D9 /* Products */ = {
			isa = PBXGroup;
			children = (
				A22B757029AF0A1500DA30D9 /* MVVM_Project.app */,
				A22B758629AF0A1700DA30D9 /* MVVM_ProjectTests.xctest */,
				A22B759029AF0A1700DA30D9 /* MVVM_ProjectUITests.xctest */,
			);
			name = Products;
			sourceTree = "<group>";
		};
		A22B757229AF0A1500DA30D9 /* MVVM_Project */ = {
			isa = PBXGroup;
			children = (
				A22B75A929AF0B1F00DA30D9 /* Resources */,
				A22B75A829AF0B1000DA30D9 /* Storyboard */,
				A22B75A729AF0B0300DA30D9 /* Screen */,
				A22B75A629AF0AF900DA30D9 /* Helper */,
				A22B75A529AF0AEC00DA30D9 /* Extensions */,
				A22B75A429AF0AE100DA30D9 /* Constant */,
				A22B75A329AF0A6200DA30D9 /* Application */,
				A22B757929AF0A1500DA30D9 /* Main.storyboard */,
				A22B757C29AF0A1600DA30D9 /* Assets.xcassets */,
				A22B757E29AF0A1600DA30D9 /* LaunchScreen.storyboard */,
				A22B758129AF0A1600DA30D9 /* Info.plist */,
			);
			path = MVVM_Project;
			sourceTree = "<group>";
		};
		A22B758929AF0A1700DA30D9 /* MVVM_ProjectTests */ = {
			isa = PBXGroup;
			children = (
				A22B758A29AF0A1700DA30D9 /* MVVM_ProjectTests.swift */,
			);
			path = MVVM_ProjectTests;
			sourceTree = "<group>";
		};
		A22B759329AF0A1700DA30D9 /* MVVM_ProjectUITests */ = {
			isa = PBXGroup;
			children = (
				A22B759429AF0A1700DA30D9 /* MVVM_ProjectUITests.swift */,
				A22B759629AF0A1700DA30D9 /* MVVM_ProjectUITestsLaunchTests.swift */,
			);
			path = MVVM_ProjectUITests;
			sourceTree = "<group>";
		};
		A22B75A329AF0A6200DA30D9 /* Application */ = {
			isa = PBXGroup;
			children = (
				A22B757529AF0A1500DA30D9 /* SceneDelegate.swift */,
				A22B757329AF0A1500DA30D9 /* AppDelegate.swift */,
			);
			path = Application;
			sourceTree = "<group>";
		};
		A22B75A429AF0AE100DA30D9 /* Constant */ = {
			isa = PBXGroup;
			children = (
			);
			path = Constant;
			sourceTree = "<group>";
		};
		A22B75A529AF0AEC00DA30D9 /* Extensions */ = {
			isa = PBXGroup;
			children = (
			);
			path = Extensions;
			sourceTree = "<group>";
		};
		A22B75A629AF0AF900DA30D9 /* Helper */ = {
			isa = PBXGroup;
			children = (
			);
			path = Helper;
			sourceTree = "<group>";
		};
		A22B75A729AF0B0300DA30D9 /* Screen */ = {
			isa = PBXGroup;
			children = (
			);
			path = Screen;
			sourceTree = "<group>";
		};
		A22B75A829AF0B1000DA30D9 /* Storyboard */ = {
			isa = PBXGroup;
			children = (
			);
			path = Storyboard;
			sourceTree = "<group>";
		};
		A22B75A929AF0B1F00DA30D9 /* Resources */ = {
			isa = PBXGroup;
			children = (
			);
			path = Resources;
			sourceTree = "<group>";
		};
/* End PBXGroup section */

/* Begin PBXNativeTarget section */
		A22B756F29AF0A1500DA30D9 /* MVVM_Project */ = {
			isa = PBXNativeTarget;
			buildConfigurationList = A22B759A29AF0A1700DA30D9 /* Build configuration list for PBXNativeTarget "MVVM_Project" */;
			buildPhases = (
				A22B756C29AF0A1500DA30D9 /* Sources */,
				A22B756D29AF0A1500DA30D9 /* Frameworks */,
				A22B756E29AF0A1500DA30D9 /* Resources */,
			);
			buildRules = (
			);
			dependencies = (
			);
			name = MVVM_Project;
			productName = MVVM_Project;
			productReference = A22B757029AF0A1500DA30D9 /* MVVM_Project.app */;
			productType = "com.apple.product-type.application";
		};
		A22B758529AF0A1700DA30D9 /* MVVM_ProjectTests */ = {
			isa = PBXNativeTarget;
			buildConfigurationList = A22B759D29AF0A1700DA30D9 /* Build configuration list for PBXNativeTarget "MVVM_ProjectTests" */;
			buildPhases = (
				A22B758229AF0A1700DA30D9 /* Sources */,
				A22B758329AF0A1700DA30D9 /* Frameworks */,
				A22B758429AF0A1700DA30D9 /* Resources */,
			);
			buildRules = (
			);
			dependencies = (
				A22B758829AF0A1700DA30D9 /* PBXTargetDependency */,
			);
			name = MVVM_ProjectTests;
			productName = MVVM_ProjectTests;
			productReference = A22B758629AF0A1700DA30D9 /* MVVM_ProjectTests.xctest */;
			productType = "com.apple.product-type.bundle.unit-test";
		};
		A22B758F29AF0A1700DA30D9 /* MVVM_ProjectUITests */ = {
			isa = PBXNativeTarget;
			buildConfigurationList = A22B75A029AF0A1700DA30D9 /* Build configuration list for PBXNativeTarget "MVVM_ProjectUITests" */;
			buildPhases = (
				A22B758C29AF0A1700DA30D9 /* Sources */,
				A22B758D29AF0A1700DA30D9 /* Frameworks */,
				A22B758E29AF0A1700DA30D9 /* Resources */,
			);
			buildRules = (
			);
			dependencies = (
				A22B759229AF0A1700DA30D9 /* PBXTargetDependency */,
			);
			name = MVVM_ProjectUITests;
			productName = MVVM_ProjectUITests;
			productReference = A22B759029AF0A1700DA30D9 /* MVVM_ProjectUITests.xctest */;
			productType = "com.apple.product-type.bundle.ui-testing";
		};
/* End PBXNativeTarget section */

/* Begin PBXProject section */
		A22B756829AF0A1500DA30D9 /* Project object */ = {
			isa = PBXProject;
			attributes = {
				BuildIndependentTargetsInParallel = 1;
				LastSwiftUpdateCheck = 1420;
				LastUpgradeCheck = 1420;
				TargetAttributes = {
					A22B756F29AF0A1500DA30D9 = {
						CreatedOnToolsVersion = 14.2;
					};
					A22B758529AF0A1700DA30D9 = {
						CreatedOnToolsVersion = 14.2;
						TestTargetID = A22B756F29AF0A1500DA30D9;
					};
					A22B758F29AF0A1700DA30D9 = {
						CreatedOnToolsVersion = 14.2;
						TestTargetID = A22B756F29AF0A1500DA30D9;
					};
				};
			};
			buildConfigurationList = A22B756B29AF0A1500DA30D9 /* Build configuration list for PBXProject "MVVM_Project" */;
			compatibilityVersion = "Xcode 14.0";
			developmentRegion = en;
			hasScannedForEncodings = 0;
			knownRegions = (
				en,
				Base,
			);
			mainGroup = A22B756729AF0A1500DA30D9;
			productRefGroup = A22B757129AF0A1500DA30D9 /* Products */;
			projectDirPath = "";
			projectRoot = "";
			targets = (
				A22B756F29AF0A1500DA30D9 /* MVVM_Project */,
				A22B758529AF0A1700DA30D9 /* MVVM_ProjectTests */,
				A22B758F29AF0A1700DA30D9 /* MVVM_ProjectUITests */,
			);
		};
/* End PBXProject section */

/* Begin PBXResourcesBuildPhase section */
		A22B756E29AF0A1500DA30D9 /* Resources */ = {
			isa = PBXResourcesBuildPhase;
			buildActionMask = 2147483647;
			files = (
				A22B758029AF0A1600DA30D9 /* LaunchScreen.storyboard in Resources */,
				A22B757D29AF0A1600DA30D9 /* Assets.xcassets in Resources */,
				A22B757B29AF0A1500DA30D9 /* Main.storyboard in Resources */,
			);
			runOnlyForDeploymentPostprocessing = 0;
		};
		A22B758429AF0A1700DA30D9 /* Resources */ = {
			isa = PBXResourcesBuildPhase;
			buildActionMask = 2147483647;
			files = (
			);
			runOnlyForDeploymentPostprocessing = 0;
		};
		A22B758E29AF0A1700DA30D9 /* Resources */ = {
			isa = PBXResourcesBuildPhase;
			buildActionMask = 2147483647;
			files = (
			);
			runOnlyForDeploymentPostprocessing = 0;
		};
/* End PBXResourcesBuildPhase section */

/* Begin PBXSourcesBuildPhase section */
		A22B756C29AF0A1500DA30D9 /* Sources */ = {
			isa = PBXSourcesBuildPhase;
			buildActionMask = 2147483647;
			files = (
				A22B757429AF0A1500DA30D9 /* AppDelegate.swift in Sources */,
				A22B757629AF0A1500DA30D9 /* SceneDelegate.swift in Sources */,
			);
			runOnlyForDeploymentPostprocessing = 0;
		};
		A22B758229AF0A1700DA30D9 /* Sources */ = {
			isa = PBXSourcesBuildPhase;
			buildActionMask = 2147483647;
			files = (
				A22B758B29AF0A1700DA30D9 /* MVVM_ProjectTests.swift in Sources */,
			);
			runOnlyForDeploymentPostprocessing = 0;
		};
		A22B758C29AF0A1700DA30D9 /* Sources */ = {
			isa = PBXSourcesBuildPhase;
			buildActionMask = 2147483647;
			files = (
				A22B759729AF0A1700DA30D9 /* MVVM_ProjectUITestsLaunchTests.swift in Sources */,
				A22B759529AF0A1700DA30D9 /* MVVM_ProjectUITests.swift in Sources */,
			);
			runOnlyForDeploymentPostprocessing = 0;
		};
/* End PBXSourcesBuildPhase section */

/* Begin PBXTargetDependency section */
		A22B758829AF0A1700DA30D9 /* PBXTargetDependency */ = {
			isa = PBXTargetDependency;
			target = A22B756F29AF0A1500DA30D9 /* MVVM_Project */;
			targetProxy = A22B758729AF0A1700DA30D9 /* PBXContainerItemProxy */;
		};
		A22B759229AF0A1700DA30D9 /* PBXTargetDependency */ = {
			isa = PBXTargetDependency;
			target = A22B756F29AF0A1500DA30D9 /* MVVM_Project */;
			targetProxy = A22B759129AF0A1700DA30D9 /* PBXContainerItemProxy */;
		};
/* End PBXTargetDependency section */

/* Begin PBXVariantGroup section */
		A22B757929AF0A1500DA30D9 /* Main.storyboard */ = {
			isa = PBXVariantGroup;
			children = (
				A22B757A29AF0A1500DA30D9 /* Base */,
			);
			name = Main.storyboard;
			sourceTree = "<group>";
		};
		A22B757E29AF0A1600DA30D9 /* LaunchScreen.storyboard */ = {
			isa = PBXVariantGroup;
			children = (
				A22B757F29AF0A1600DA30D9 /* Base */,
			);
			name = LaunchScreen.storyboard;
			sourceTree = "<group>";
		};
/* End PBXVariantGroup section */

/* Begin XCBuildConfiguration section */
		A22B759829AF0A1700DA30D9 /* Debug */ = {
			isa = XCBuildConfiguration;
			buildSettings = {
				ALWAYS_SEARCH_USER_PATHS = NO;
				CLANG_ANALYZER_NONNULL = YES;
				CLANG_ANALYZER_NUMBER_OBJECT_CONVERSION = YES_AGGRESSIVE;
				CLANG_CXX_LANGUAGE_STANDARD = "gnu++20";
				CLANG_ENABLE_MODULES = YES;
				CLANG_ENABLE_OBJC_ARC = YES;
				CLANG_ENABLE_OBJC_WEAK = YES;
				CLANG_WARN_BLOCK_CAPTURE_AUTORELEASING = YES;
				CLANG_WARN_BOOL_CONVERSION = YES;
				CLANG_WARN_COMMA = YES;
				CLANG_WARN_CONSTANT_CONVERSION = YES;
				CLANG_WARN_DEPRECATED_OBJC_IMPLEMENTATIONS = YES;
				CLANG_WARN_DIRECT_OBJC_ISA_USAGE = YES_ERROR;
				CLANG_WARN_DOCUMENTATION_COMMENTS = YES;
				CLANG_WARN_EMPTY_BODY = YES;
				CLANG_WARN_ENUM_CONVERSION = YES;
				CLANG_WARN_INFINITE_RECURSION = YES;
				CLANG_WARN_INT_CONVERSION = YES;
				CLANG_WARN_NON_LITERAL_NULL_CONVERSION = YES;
				CLANG_WARN_OBJC_IMPLICIT_RETAIN_SELF = YES;
				CLANG_WARN_OBJC_LITERAL_CONVERSION = YES;
				CLANG_WARN_OBJC_ROOT_CLASS = YES_ERROR;
				CLANG_WARN_QUOTED_INCLUDE_IN_FRAMEWORK_HEADER = YES;
				CLANG_WARN_RANGE_LOOP_ANALYSIS = YES;
				CLANG_WARN_STRICT_PROTOTYPES = YES;
				CLANG_WARN_SUSPICIOUS_MOVE = YES;
				CLANG_WARN_UNGUARDED_AVAILABILITY = YES_AGGRESSIVE;
				CLANG_WARN_UNREACHABLE_CODE = YES;
				CLANG_WARN__DUPLICATE_METHOD_MATCH = YES;
				COPY_PHASE_STRIP = NO;
				DEBUG_INFORMATION_FORMAT = dwarf;
				ENABLE_STRICT_OBJC_MSGSEND = YES;
				ENABLE_TESTABILITY = YES;
				GCC_C_LANGUAGE_STANDARD = gnu11;
				GCC_DYNAMIC_NO_PIC = NO;
				GCC_NO_COMMON_BLOCKS = YES;
				GCC_OPTIMIZATION_LEVEL = 0;
				GCC_PREPROCESSOR_DEFINITIONS = (
					"DEBUG=1",
					"$(inherited)",
				);
				GCC_WARN_64_TO_32_BIT_CONVERSION = YES;
				GCC_WARN_ABOUT_RETURN_TYPE = YES_ERROR;
				GCC_WARN_UNDECLARED_SELECTOR = YES;
				GCC_WARN_UNINITIALIZED_AUTOS = YES_AGGRESSIVE;
				GCC_WARN_UNUSED_FUNCTION = YES;
				GCC_WARN_UNUSED_VARIABLE = YES;
				IPHONEOS_DEPLOYMENT_TARGET = 16.2;
				MTL_ENABLE_DEBUG_INFO = INCLUDE_SOURCE;
				MTL_FAST_MATH = YES;
				ONLY_ACTIVE_ARCH = YES;
				SDKROOT = iphoneos;
				SWIFT_ACTIVE_COMPILATION_CONDITIONS = DEBUG;
				SWIFT_OPTIMIZATION_LEVEL = "-Onone";
			};
			name = Debug;
		};
		A22B759929AF0A1700DA30D9 /* Release */ = {
			isa = XCBuildConfiguration;
			buildSettings = {
				ALWAYS_SEARCH_USER_PATHS = NO;
				CLANG_ANALYZER_NONNULL = YES;
				CLANG_ANALYZER_NUMBER_OBJECT_CONVERSION = YES_AGGRESSIVE;
				CLANG_CXX_LANGUAGE_STANDARD = "gnu++20";
				CLANG_ENABLE_MODULES = YES;
				CLANG_ENABLE_OBJC_ARC = YES;
				CLANG_ENABLE_OBJC_WEAK = YES;
				CLANG_WARN_BLOCK_CAPTURE_AUTORELEASING = YES;
				CLANG_WARN_BOOL_CONVERSION = YES;
				CLANG_WARN_COMMA = YES;
				CLANG_WARN_CONSTANT_CONVERSION = YES;
				CLANG_WARN_DEPRECATED_OBJC_IMPLEMENTATIONS = YES;
				CLANG_WARN_DIRECT_OBJC_ISA_USAGE = YES_ERROR;
				CLANG_WARN_DOCUMENTATION_COMMENTS = YES;
				CLANG_WARN_EMPTY_BODY = YES;
				CLANG_WARN_ENUM_CONVERSION = YES;
				CLANG_WARN_INFINITE_RECURSION = YES;
				CLANG_WARN_INT_CONVERSION = YES;
				CLANG_WARN_NON_LITERAL_NULL_CONVERSION = YES;
				CLANG_WARN_OBJC_IMPLICIT_RETAIN_SELF = YES;
				CLANG_WARN_OBJC_LITERAL_CONVERSION = YES;
				CLANG_WARN_OBJC_ROOT_CLASS = YES_ERROR;
				CLANG_WARN_QUOTED_INCLUDE_IN_FRAMEWORK_HEADER = YES;
				CLANG_WARN_RANGE_LOOP_ANALYSIS = YES;
				CLANG_WARN_STRICT_PROTOTYPES = YES;
				CLANG_WARN_SUSPICIOUS_MOVE = YES;
				CLANG_WARN_UNGUARDED_AVAILABILITY = YES_AGGRESSIVE;
				CLANG_WARN_UNREACHABLE_CODE = YES;
				CLANG_WARN__DUPLICATE_METHOD_MATCH = YES;
				COPY_PHASE_STRIP = NO;
				DEBUG_INFORMATION_FORMAT = "dwarf-with-dsym";
				ENABLE_NS_ASSERTIONS = NO;
				ENABLE_STRICT_OBJC_MSGSEND = YES;
				GCC_C_LANGUAGE_STANDARD = gnu11;
				GCC_NO_COMMON_BLOCKS = YES;
				GCC_WARN_64_TO_32_BIT_CONVERSION = YES;
				GCC_WARN_ABOUT_RETURN_TYPE = YES_ERROR;
				GCC_WARN_UNDECLARED_SELECTOR = YES;
				GCC_WARN_UNINITIALIZED_AUTOS = YES_AGGRESSIVE;
				GCC_WARN_UNUSED_FUNCTION = YES;
				GCC_WARN_UNUSED_VARIABLE = YES;
				IPHONEOS_DEPLOYMENT_TARGET = 16.2;
				MTL_ENABLE_DEBUG_INFO = NO;
				MTL_FAST_MATH = YES;
				SDKROOT = iphoneos;
				SWIFT_COMPILATION_MODE = wholemodule;
				SWIFT_OPTIMIZATION_LEVEL = "-O";
				VALIDATE_PRODUCT = YES;
			};
			name = Release;
		};
		A22B759B29AF0A1700DA30D9 /* Debug */ = {
			isa = XCBuildConfiguration;
			buildSettings = {
				ASSETCATALOG_COMPILER_APPICON_NAME = AppIcon;
				ASSETCATALOG_COMPILER_GLOBAL_ACCENT_COLOR_NAME = AccentColor;
				CODE_SIGN_STYLE = Automatic;
				CURRENT_PROJECT_VERSION = 1;
				GENERATE_INFOPLIST_FILE = YES;
				INFOPLIST_FILE = MVVM_Project/Info.plist;
				INFOPLIST_KEY_UIApplicationSupportsIndirectInputEvents = YES;
				INFOPLIST_KEY_UILaunchStoryboardName = LaunchScreen;
				INFOPLIST_KEY_UIMainStoryboardFile = Main;
				INFOPLIST_KEY_UISupportedInterfaceOrientations_iPad = "UIInterfaceOrientationPortrait UIInterfaceOrientationPortraitUpsideDown UIInterfaceOrientationLandscapeLeft UIInterfaceOrientationLandscapeRight";
				INFOPLIST_KEY_UISupportedInterfaceOrientations_iPhone = "UIInterfaceOrientationPortrait UIInterfaceOrientationLandscapeLeft UIInterfaceOrientationLandscapeRight";
				LD_RUNPATH_SEARCH_PATHS = (
					"$(inherited)",
					"@executable_path/Frameworks",
				);
				MARKETING_VERSION = 1.0;
				PRODUCT_BUNDLE_IDENTIFIER = "dimuth-c-bandara.MVVM-Project";
				PRODUCT_NAME = "$(TARGET_NAME)";
				SWIFT_EMIT_LOC_STRINGS = YES;
				SWIFT_VERSION = 5.0;
				TARGETED_DEVICE_FAMILY = "1,2";
			};
			name = Debug;
		};
		A22B759C29AF0A1700DA30D9 /* Release */ = {
			isa = XCBuildConfiguration;
			buildSettings = {
				ASSETCATALOG_COMPILER_APPICON_NAME = AppIcon;
				ASSETCATALOG_COMPILER_GLOBAL_ACCENT_COLOR_NAME = AccentColor;
				CODE_SIGN_STYLE = Automatic;
				CURRENT_PROJECT_VERSION = 1;
				GENERATE_INFOPLIST_FILE = YES;
				INFOPLIST_FILE = MVVM_Project/Info.plist;
				INFOPLIST_KEY_UIApplicationSupportsIndirectInputEvents = YES;
				INFOPLIST_KEY_UILaunchStoryboardName = LaunchScreen;
				INFOPLIST_KEY_UIMainStoryboardFile = Main;
				INFOPLIST_KEY_UISupportedInterfaceOrientations_iPad = "UIInterfaceOrientationPortrait UIInterfaceOrientationPortraitUpsideDown UIInterfaceOrientationLandscapeLeft UIInterfaceOrientationLandscapeRight";
				INFOPLIST_KEY_UISupportedInterfaceOrientations_iPhone = "UIInterfaceOrientationPortrait UIInterfaceOrientationLandscapeLeft UIInterfaceOrientationLandscapeRight";
				LD_RUNPATH_SEARCH_PATHS = (
					"$(inherited)",
					"@executable_path/Frameworks",
				);
				MARKETING_VERSION = 1.0;
				PRODUCT_BUNDLE_IDENTIFIER = "dimuth-c-bandara.MVVM-Project";
				PRODUCT_NAME = "$(TARGET_NAME)";
				SWIFT_EMIT_LOC_STRINGS = YES;
				SWIFT_VERSION = 5.0;
				TARGETED_DEVICE_FAMILY = "1,2";
			};
			name = Release;
		};
		A22B759E29AF0A1700DA30D9 /* Debug */ = {
			isa = XCBuildConfiguration;
			buildSettings = {
				ALWAYS_EMBED_SWIFT_STANDARD_LIBRARIES = YES;
				BUNDLE_LOADER = "$(TEST_HOST)";
				CODE_SIGN_STYLE = Automatic;
				CURRENT_PROJECT_VERSION = 1;
				GENERATE_INFOPLIST_FILE = YES;
				IPHONEOS_DEPLOYMENT_TARGET = 16.2;
				MARKETING_VERSION = 1.0;
				PRODUCT_BUNDLE_IDENTIFIER = "dimuth-c-bandara.MVVM-ProjectTests";
				PRODUCT_NAME = "$(TARGET_NAME)";
				SWIFT_EMIT_LOC_STRINGS = NO;
				SWIFT_VERSION = 5.0;
				TARGETED_DEVICE_FAMILY = "1,2";
				TEST_HOST = "$(BUILT_PRODUCTS_DIR)/MVVM_Project.app/$(BUNDLE_EXECUTABLE_FOLDER_PATH)/MVVM_Project";
			};
			name = Debug;
		};
		A22B759F29AF0A1700DA30D9 /* Release */ = {
			isa = XCBuildConfiguration;
			buildSettings = {
				ALWAYS_EMBED_SWIFT_STANDARD_LIBRARIES = YES;
				BUNDLE_LOADER = "$(TEST_HOST)";
				CODE_SIGN_STYLE = Automatic;
				CURRENT_PROJECT_VERSION = 1;
				GENERATE_INFOPLIST_FILE = YES;
				IPHONEOS_DEPLOYMENT_TARGET = 16.2;
				MARKETING_VERSION = 1.0;
				PRODUCT_BUNDLE_IDENTIFIER = "dimuth-c-bandara.MVVM-ProjectTests";
				PRODUCT_NAME = "$(TARGET_NAME)";
				SWIFT_EMIT_LOC_STRINGS = NO;
				SWIFT_VERSION = 5.0;
				TARGETED_DEVICE_FAMILY = "1,2";
				TEST_HOST = "$(BUILT_PRODUCTS_DIR)/MVVM_Project.app/$(BUNDLE_EXECUTABLE_FOLDER_PATH)/MVVM_Project";
			};
			name = Release;
		};
		A22B75A129AF0A1700DA30D9 /* Debug */ = {
			isa = XCBuildConfiguration;
			buildSettings = {
				ALWAYS_EMBED_SWIFT_STANDARD_LIBRARIES = YES;
				CODE_SIGN_STYLE = Automatic;
				CURRENT_PROJECT_VERSION = 1;
				GENERATE_INFOPLIST_FILE = YES;
				MARKETING_VERSION = 1.0;
				PRODUCT_BUNDLE_IDENTIFIER = "dimuth-c-bandara.MVVM-ProjectUITests";
				PRODUCT_NAME = "$(TARGET_NAME)";
				SWIFT_EMIT_LOC_STRINGS = NO;
				SWIFT_VERSION = 5.0;
				TARGETED_DEVICE_FAMILY = "1,2";
				TEST_TARGET_NAME = MVVM_Project;
			};
			name = Debug;
		};
		A22B75A229AF0A1700DA30D9 /* Release */ = {
			isa = XCBuildConfiguration;
			buildSettings = {
				ALWAYS_EMBED_SWIFT_STANDARD_LIBRARIES = YES;
				CODE_SIGN_STYLE = Automatic;
				CURRENT_PROJECT_VERSION = 1;
				GENERATE_INFOPLIST_FILE = YES;
				MARKETING_VERSION = 1.0;
				PRODUCT_BUNDLE_IDENTIFIER = "dimuth-c-bandara.MVVM-ProjectUITests";
				PRODUCT_NAME = "$(TARGET_NAME)";
				SWIFT_EMIT_LOC_STRINGS = NO;
				SWIFT_VERSION = 5.0;
				TARGETED_DEVICE_FAMILY = "1,2";
				TEST_TARGET_NAME = MVVM_Project;
			};
			name = Release;
		};
/* End XCBuildConfiguration section */

/* Begin XCConfigurationList section */
		A22B756B29AF0A1500DA30D9 /* Build configuration list for PBXProject "MVVM_Project" */ = {
			isa = XCConfigurationList;
			buildConfigurations = (
				A22B759829AF0A1700DA30D9 /* Debug */,
				A22B759929AF0A1700DA30D9 /* Release */,
			);
			defaultConfigurationIsVisible = 0;
			defaultConfigurationName = Release;
		};
		A22B759A29AF0A1700DA30D9 /* Build configuration list for PBXNativeTarget "MVVM_Project" */ = {
			isa = XCConfigurationList;
			buildConfigurations = (
				A22B759B29AF0A1700DA30D9 /* Debug */,
				A22B759C29AF0A1700DA30D9 /* Release */,
			);
			defaultConfigurationIsVisible = 0;
			defaultConfigurationName = Release;
		};
		A22B759D29AF0A1700DA30D9 /* Build configuration list for PBXNativeTarget "MVVM_ProjectTests" */ = {
			isa = XCConfigurationList;
			buildConfigurations = (
				A22B759E29AF0A1700DA30D9 /* Debug */,
				A22B759F29AF0A1700DA30D9 /* Release */,
			);
			defaultConfigurationIsVisible = 0;
			defaultConfigurationName = Release;
		};
		A22B75A029AF0A1700DA30D9 /* Build configuration list for PBXNativeTarget "MVVM_ProjectUITests" */ = {
			isa = XCConfigurationList;
			buildConfigurations = (
				A22B75A129AF0A1700DA30D9 /* Debug */,
				A22B75A229AF0A1700DA30D9 /* Release */,
			);
			defaultConfigurationIsVisible = 0;
			defaultConfigurationName = Release;
		};
/* End XCConfigurationList section */
	};
	rootObject = A22B756829AF0A1500DA30D9 /* Project object */;
}
